
Microsoft Visual Studio Solution File, Format Version 12.00
# Visual Studio Version 17
VisualStudioVersion = 17.0.31903.59
MinimumVisualStudioVersion = 10.0.40219.1
Project("{FAE04EC0-301F-11D3-BF4B-00C04F79EFBC}") = "BankUI", "BankUI\BankUI.csproj", "{4D782B73-2F58-443B-B6A1-C2F088CEA6FA}"
EndProject
Project("{FAE04EC0-301F-11D3-BF4B-00C04F79EFBC}") = "BankClassLibrary", "BankClassLibrary\BankClassLibrary.csproj", "{4E7ABD46-74CB-418E-99D6-7BD45E6C792A}"
EndProject
Project("{FAE04EC0-301F-11D3-BF4B-00C04F79EFBC}") = "BankUnitTests", "BankUnitTests\BankUnitTests.csproj", "{03EC4AA1-A783-454C-B28C-4FDF448A4022}"
EndProject
Global
	GlobalSection(SolutionConfigurationPlatforms) = preSolution
		Debug|Any CPU = Debug|Any CPU
		Debug|x64 = Debug|x64
		Debug|x86 = Debug|x86
		Release|Any CPU = Release|Any CPU
		Release|x64 = Release|x64
		Release|x86 = Release|x86
	EndGlobalSection
	GlobalSection(ProjectConfigurationPlatforms) = postSolution
		{4D782B73-2F58-443B-B6A1-C2F088CEA6FA}.Debug|Any CPU.ActiveCfg = Debug|Any CPU
		{4D782B73-2F58-443B-B6A1-C2F088CEA6FA}.Debug|Any CPU.Build.0 = Debug|Any CPU
		{4D782B73-2F58-443B-B6A1-C2F088CEA6FA}.Debug|x64.ActiveCfg = Debug|Any CPU
		{4D782B73-2F58-443B-B6A1-C2F088CEA6FA}.Debug|x64.Build.0 = Debug|Any CPU
		{4D782B73-2F58-443B-B6A1-C2F088CEA6FA}.Debug|x86.ActiveCfg = Debug|Any CPU
		{4D782B73-2F58-443B-B6A1-C2F088CEA6FA}.Debug|x86.Build.0 = Debug|Any CPU
		{4D782B73-2F58-443B-B6A1-C2F088CEA6FA}.Release|Any CPU.ActiveCfg = Release|Any CPU
		{4D782B73-2F58-443B-B6A1-C2F088CEA6FA}.Release|Any CPU.Build.0 = Release|Any CPU
		{4D782B73-2F58-443B-B6A1-C2F088CEA6FA}.Release|x64.ActiveCfg = Release|Any CPU
		{4D782B73-2F58-443B-B6A1-C2F088CEA6FA}.Release|x64.Build.0 = Release|Any CPU
		{4D782B73-2F58-443B-B6A1-C2F088CEA6FA}.Release|x86.ActiveCfg = Release|Any CPU
		{4D782B73-2F58-443B-B6A1-C2F088CEA6FA}.Release|x86.Build.0 = Release|Any CPU
		{4E7ABD46-74CB-418E-99D6-7BD45E6C792A}.Debug|Any CPU.ActiveCfg = Debug|Any CPU
		{4E7ABD46-74CB-418E-99D6-7BD45E6C792A}.Debug|Any CPU.Build.0 = Debug|Any CPU
		{4E7ABD46-74CB-418E-99D6-7BD45E6C792A}.Debug|x64.ActiveCfg = Debug|Any CPU
		{4E7ABD46-74CB-418E-99D6-7BD45E6C792A}.Debug|x64.Build.0 = Debug|Any CPU
		{4E7ABD46-74CB-418E-99D6-7BD45E6C792A}.Debug|x86.ActiveCfg = Debug|Any CPU
		{4E7ABD46-74CB-418E-99D6-7BD45E6C792A}.Debug|x86.Build.0 = Debug|Any CPU
		{4E7ABD46-74CB-418E-99D6-7BD45E6C792A}.Release|Any CPU.ActiveCfg = Release|Any CPU
		{4E7ABD46-74CB-418E-99D6-7BD45E6C792A}.Release|Any CPU.Build.0 = Release|Any CPU
		{4E7ABD46-74CB-418E-99D6-7BD45E6C792A}.Release|x64.ActiveCfg = Release|Any CPU
		{4E7ABD46-74CB-418E-99D6-7BD45E6C792A}.Release|x64.Build.0 = Release|Any CPU
		{4E7ABD46-74CB-418E-99D6-7BD45E6C792A}.Release|x86.ActiveCfg = Release|Any CPU
		{4E7ABD46-74CB-418E-99D6-7BD45E6C792A}.Release|x86.Build.0 = Release|Any CPU
		{03EC4AA1-A783-454C-B28C-4FDF448A4022}.Debug|Any CPU.ActiveCfg = Debug|Any CPU
		{03EC4AA1-A783-454C-B28C-4FDF448A4022}.Debug|Any CPU.Build.0 = Debug|Any CPU
		{03EC4AA1-A783-454C-B28C-4FDF448A4022}.Debug|x64.ActiveCfg = Debug|Any CPU
		{03EC4AA1-A783-454C-B28C-4FDF448A4022}.Debug|x64.Build.0 = Debug|Any CPU
		{03EC4AA1-A783-454C-B28C-4FDF448A4022}.Debug|x86.ActiveCfg = Debug|Any CPU
		{03EC4AA1-A783-454C-B28C-4FDF448A4022}.Debug|x86.Build.0 = Debug|Any CPU
		{03EC4AA1-A783-454C-B28C-4FDF448A4022}.Release|Any CPU.ActiveCfg = Release|Any CPU
		{03EC4AA1-A783-454C-B28C-4FDF448A4022}.Release|Any CPU.Build.0 = Release|Any CPU
		{03EC4AA1-A783-454C-B28C-4FDF448A4022}.Release|x64.ActiveCfg = Release|Any CPU
		{03EC4AA1-A783-454C-B28C-4FDF448A4022}.Release|x64.Build.0 = Release|Any CPU
		{03EC4AA1-A783-454C-B28C-4FDF448A4022}.Release|x86.ActiveCfg = Release|Any CPU
		{03EC4AA1-A783-454C-B28C-4FDF448A4022}.Release|x86.Build.0 = Release|Any CPU
	EndGlobalSection
	GlobalSection(SolutionProperties) = preSolution
		HideSolutionNode = FALSE
	EndGlobalSection
EndGlobal
